
Microsoft Visual Studio Solution File, Format Version 12.00
# Visual Studio Version 16
VisualStudioVersion = 16.0.31729.503
MinimumVisualStudioVersion = 10.0.40219.1
Project("{FAE04EC0-301F-11D3-BF4B-00C04F79EFBC}") = "Labb-4-OOP", "Labb-4-OOP\Labb-4-OOP.csproj", "{0661F051-8848-42F8-B439-B4F9A421ADA4}"
EndProject
Global
	GlobalSection(SolutionConfigurationPlatforms) = preSolution
		Debug|Any CPU = Debug|Any CPU
		Release|Any CPU = Release|Any CPU
	EndGlobalSection
	GlobalSection(ProjectConfigurationPlatforms) = postSolution
		{0661F051-8848-42F8-B439-B4F9A421ADA4}.Debug|Any CPU.ActiveCfg = Debug|Any CPU
		{0661F051-8848-42F8-B439-B4F9A421ADA4}.Debug|Any CPU.Build.0 = Debug|Any CPU
		{0661F051-8848-42F8-B439-B4F9A421ADA4}.Release|Any CPU.ActiveCfg = Release|Any CPU
		{0661F051-8848-42F8-B439-B4F9A421ADA4}.Release|Any CPU.Build.0 = Release|Any CPU
	EndGlobalSection
	GlobalSection(SolutionProperties) = preSolution
		HideSolutionNode = FALSE
	EndGlobalSection
	GlobalSection(ExtensibilityGlobals) = postSolution
		SolutionGuid = {27EB55A0-BB2C-4B70-9025-9356C8E3181E}
	EndGlobalSection
EndGlobal
